{
  "name": "d676bed1",
  "version": "1.0.0",
  "lockfileVersion": 3,
  "requires": true,
  "packages": {
    "": {
      "name": "d676bed1",
      "version": "1.0.0",
      "license": "ISC",
      "dependencies": {
        "mil-std-2525": "^0.2.7",
        "ramda": "^0.28.0",
        "stanag-app6": "^0.2.0"
      }
    },
    "node_modules/mil-std-2525": {
      "version": "0.2.7",
      "resolved": "https://registry.npmjs.org/mil-std-2525/-/mil-std-2525-0.2.7.tgz",
      "integrity": "sha512-+Mhy51BAqv21kRiXOj/lunvyQ92YUesrQtkJK7vfZ+fmEhwfSF9A5TgYYz7yeeZamg/uad0AS2HcF2KMI6SbBA=="
    },
    "node_modules/ramda": {
      "version": "0.28.0",
      "resolved": "https://registry.npmjs.org/ramda/-/ramda-0.28.0.tgz",
      "integrity": "sha512-9QnLuG/kPVgWvMQ4aODhsBUFKOUmnbUnsSXACv+NCQZcHbeb+v8Lodp8OVxtRULN1/xOyYLLaL6npE6dMq5QTA==",
      "funding": {
        "type": "opencollective",
        "url": "https://opencollective.com/ramda"
      }
    },
    "node_modules/stanag-app6": {
      "version": "0.2.0",
      "resolved": "https://registry.npmjs.org/stanag-app6/-/stanag-app6-0.2.0.tgz",
      "integrity": "sha512-52MBXYzaAFYsCctBQUY9IwYMnZ50T1Og7316vPNrzU2ifQX2C4mofzScBUhZFwJvtpYO1O0I4IYeYohQ3JzxUA=="
    }
  }
}
