{
  "name": "d676bed1",
  "version": "1.0.0",
  "lockfileVersion": 3,
  "requires": true,
  "packages": {
    "": {
      "name": "d676bed1",
      "version": "1.0.0",
      "license": "ISC",
      "dependencies": {
        "mil-std-2525": "github:spatialillusions/mil-std-2525",
        "ramda": "^0.28.0",
        "stanag-app6": "github:spatialillusions/stanag-app6"
      }
    },
    "node_modules/mil-std-2525": {
      "version": "0.2.7",
      "resolved": "git+ssh://git@github.com/spatialillusions/mil-std-2525.git#4fda8c490029f1c30a494f3a533d08d7e1006907",
      "license": "MIT"
    },
    "node_modules/ramda": {
      "version": "0.28.0",
      "resolved": "https://registry.npmjs.org/ramda/-/ramda-0.28.0.tgz",
      "integrity": "sha512-9QnLuG/kPVgWvMQ4aODhsBUFKOUmnbUnsSXACv+NCQZcHbeb+v8Lodp8OVxtRULN1/xOyYLLaL6npE6dMq5QTA==",
      "funding": {
        "type": "opencollective",
        "url": "https://opencollective.com/ramda"
      }
    },
    "node_modules/stanag-app6": {
      "version": "0.2.0",
      "resolved": "git+ssh://git@github.com/spatialillusions/stanag-app6.git#dc81b7dcf9a9c6d7f0f4bfd59ee03ccd67552c4d",
      "license": "MIT"
    }
  }
}
